// !$*UTF8*$!
{
	archiveVersion = 1;
	classes = {
	};
	objectVersion = 48;
	objects = {

/* Begin PBXBuildFile section */
		17B792EE203FAE9000160AA1 /* AppDelegate.swift in Sources */ = {isa = PBXBuildFile; fileRef = 17B792ED203FAE9000160AA1 /* AppDelegate.swift */; };
		17B792F3203FAE9000160AA1 /* Main.storyboard in Resources */ = {isa = PBXBuildFile; fileRef = 17B792F1203FAE9000160AA1 /* Main.storyboard */; };
		17B792F5203FAE9000160AA1 /* Assets.xcassets in Resources */ = {isa = PBXBuildFile; fileRef = 17B792F4203FAE9000160AA1 /* Assets.xcassets */; };
		17B792F8203FAE9000160AA1 /* LaunchScreen.storyboard in Resources */ = {isa = PBXBuildFile; fileRef = 17B792F6203FAE9000160AA1 /* LaunchScreen.storyboard */; };
		17B79300203FAED900160AA1 /* CollectionViewController.swift in Sources */ = {isa = PBXBuildFile; fileRef = 17B792FF203FAED900160AA1 /* CollectionViewController.swift */; };
		17B79302203FB20300160AA1 /* CollectionViewCell.swift in Sources */ = {isa = PBXBuildFile; fileRef = 17B79301203FB20300160AA1 /* CollectionViewCell.swift */; };
		17B793042040B6EA00160AA1 /* CollectionReusableView.swift in Sources */ = {isa = PBXBuildFile; fileRef = 17B793032040B6EA00160AA1 /* CollectionReusableView.swift */; };
		17B793062040C0A300160AA1 /* DetailViewController.swift in Sources */ = {isa = PBXBuildFile; fileRef = 17B793052040C0A300160AA1 /* DetailViewController.swift */; };
		17B793082044941D00160AA1 /* CollectionReusableView2.swift in Sources */ = {isa = PBXBuildFile; fileRef = 17B793072044941D00160AA1 /* CollectionReusableView2.swift */; };
/* End PBXBuildFile section */

/* Begin PBXFileReference section */
		17B792EA203FAE9000160AA1 /* Lab3.app */ = {isa = PBXFileReference; explicitFileType = wrapper.application; includeInIndex = 0; path = Lab3.app; sourceTree = BUILT_PRODUCTS_DIR; };
		17B792ED203FAE9000160AA1 /* AppDelegate.swift */ = {isa = PBXFileReference; lastKnownFileType = sourcecode.swift; path = AppDelegate.swift; sourceTree = "<group>"; };
		17B792F2203FAE9000160AA1 /* Base */ = {isa = PBXFileReference; lastKnownFileType = file.storyboard; name = Base; path = Base.lproj/Main.storyboard; sourceTree = "<group>"; };
		17B792F4203FAE9000160AA1 /* Assets.xcassets */ = {isa = PBXFileReference; lastKnownFileType = folder.assetcatalog; path = Assets.xcassets; sourceTree = "<group>"; };
		17B792F7203FAE9000160AA1 /* Base */ = {isa = PBXFileReference; lastKnownFileType = file.storyboard; name = Base; path = Base.lproj/LaunchScreen.storyboard; sourceTree = "<group>"; };
		17B792F9203FAE9000160AA1 /* Info.plist */ = {isa = PBXFileReference; lastKnownFileType = text.plist.xml; path = Info.plist; sourceTree = "<group>"; };
		17B792FF203FAED900160AA1 /* CollectionViewController.swift */ = {isa = PBXFileReference; lastKnownFileType = sourcecode.swift; path = CollectionViewController.swift; sourceTree = "<group>"; };
		17B79301203FB20300160AA1 /* CollectionViewCell.swift */ = {isa = PBXFileReference; lastKnownFileType = sourcecode.swift; path = CollectionViewCell.swift; sourceTree = "<group>"; };
		17B793032040B6EA00160AA1 /* CollectionReusableView.swift */ = {isa = PBXFileReference; lastKnownFileType = sourcecode.swift; path = CollectionReusableView.swift; sourceTree = "<group>"; };
		17B793052040C0A300160AA1 /* DetailViewController.swift */ = {isa = PBXFileReference; lastKnownFileType = sourcecode.swift; path = DetailViewController.swift; sourceTree = "<group>"; };
		17B793072044941D00160AA1 /* CollectionReusableView2.swift */ = {isa = PBXFileReference; lastKnownFileType = sourcecode.swift; path = CollectionReusableView2.swift; sourceTree = "<group>"; };
/* End PBXFileReference section */

/* Begin PBXFrameworksBuildPhase section */
		17B792E7203FAE9000160AA1 /* Frameworks */ = {
			isa = PBXFrameworksBuildPhase;
			buildActionMask = 2147483647;
			files = (
			);
			runOnlyForDeploymentPostprocessing = 0;
		};
/* End PBXFrameworksBuildPhase section */

/* Begin PBXGroup section */
		17B792E1203FAE9000160AA1 = {
			isa = PBXGroup;
			children = (
				17B792EC203FAE9000160AA1 /* Lab3 */,
				17B792EB203FAE9000160AA1 /* Products */,
			);
			sourceTree = "<group>";
		};
		17B792EB203FAE9000160AA1 /* Products */ = {
			isa = PBXGroup;
			children = (
				17B792EA203FAE9000160AA1 /* Lab3.app */,
			);
			name = Products;
			sourceTree = "<group>";
		};
		17B792EC203FAE9000160AA1 /* Lab3 */ = {
			isa = PBXGroup;
			children = (
				17B792ED203FAE9000160AA1 /* AppDelegate.swift */,
				17B792F1203FAE9000160AA1 /* Main.storyboard */,
				17B793072044941D00160AA1 /* CollectionReusableView2.swift */,
				17B793032040B6EA00160AA1 /* CollectionReusableView.swift */,
				17B79301203FB20300160AA1 /* CollectionViewCell.swift */,
				17B792FF203FAED900160AA1 /* CollectionViewController.swift */,
				17B793052040C0A300160AA1 /* DetailViewController.swift */,
				17B792F4203FAE9000160AA1 /* Assets.xcassets */,
				17B792F6203FAE9000160AA1 /* LaunchScreen.storyboard */,
				17B792F9203FAE9000160AA1 /* Info.plist */,
			);
			path = Lab3;
			sourceTree = "<group>";
		};
/* End PBXGroup section */

/* Begin PBXNativeTarget section */
		17B792E9203FAE9000160AA1 /* Lab3 */ = {
			isa = PBXNativeTarget;
			buildConfigurationList = 17B792FC203FAE9000160AA1 /* Build configuration list for PBXNativeTarget "Lab3" */;
			buildPhases = (
				17B792E6203FAE9000160AA1 /* Sources */,
				17B792E7203FAE9000160AA1 /* Frameworks */,
				17B792E8203FAE9000160AA1 /* Resources */,
			);
			buildRules = (
			);
			dependencies = (
			);
			name = Lab3;
			productName = Lab3;
			productReference = 17B792EA203FAE9000160AA1 /* Lab3.app */;
			productType = "com.apple.product-type.application";
		};
/* End PBXNativeTarget section */

/* Begin PBXProject section */
		17B792E2203FAE9000160AA1 /* Project object */ = {
			isa = PBXProject;
			attributes = {
				LastSwiftUpdateCheck = 0920;
				LastUpgradeCheck = 0920;
				ORGANIZATIONNAME = "Kaelen Guthrie";
				TargetAttributes = {
					17B792E9203FAE9000160AA1 = {
						CreatedOnToolsVersion = 9.2;
						ProvisioningStyle = Automatic;
					};
				};
			};
			buildConfigurationList = 17B792E5203FAE9000160AA1 /* Build configuration list for PBXProject "Lab3" */;
			compatibilityVersion = "Xcode 8.0";
			developmentRegion = en;
			hasScannedForEncodings = 0;
			knownRegions = (
				en,
				Base,
			);
			mainGroup = 17B792E1203FAE9000160AA1;
			productRefGroup = 17B792EB203FAE9000160AA1 /* Products */;
			projectDirPath = "";
			projectRoot = "";
			targets = (
				17B792E9203FAE9000160AA1 /* Lab3 */,
			);
		};
/* End PBXProject section */

/* Begin PBXResourcesBuildPhase section */
		17B792E8203FAE9000160AA1 /* Resources */ = {
			isa = PBXResourcesBuildPhase;
			buildActionMask = 2147483647;
			files = (
				17B792F8203FAE9000160AA1 /* LaunchScreen.storyboard in Resources */,
				17B792F5203FAE9000160AA1 /* Assets.xcassets in Resources */,
				17B792F3203FAE9000160AA1 /* Main.storyboard in Resources */,
			);
			runOnlyForDeploymentPostprocessing = 0;
		};
/* End PBXResourcesBuildPhase section */

/* Begin PBXSourcesBuildPhase section */
		17B792E6203FAE9000160AA1 /* Sources */ = {
			isa = PBXSourcesBuildPhase;
			buildActionMask = 2147483647;
			files = (
				17B79300203FAED900160AA1 /* CollectionViewController.swift in Sources */,
				17B793042040B6EA00160AA1 /* CollectionReusableView.swift in Sources */,
				17B793082044941D00160AA1 /* CollectionReusableView2.swift in Sources */,
				17B793062040C0A300160AA1 /* DetailViewController.swift in Sources */,
				17B792EE203FAE9000160AA1 /* AppDelegate.swift in Sources */,
				17B79302203FB20300160AA1 /* CollectionViewCell.swift in Sources */,
			);
			runOnlyForDeploymentPostprocessing = 0;
		};
/* End PBXSourcesBuildPhase section */

/* Begin PBXVariantGroup section */
		17B792F1203FAE9000160AA1 /* Main.storyboard */ = {
			isa = PBXVariantGroup;
			children = (
				17B792F2203FAE9000160AA1 /* Base */,
			);
			name = Main.storyboard;
			sourceTree = "<group>";
		};
		17B792F6203FAE9000160AA1 /* LaunchScreen.storyboard */ = {
			isa = PBXVariantGroup;
			children = (
				17B792F7203FAE9000160AA1 /* Base */,
			);
			name = LaunchScreen.storyboard;
			sourceTree = "<group>";
		};
/* End PBXVariantGroup section */

/* Begin XCBuildConfiguration section */
		17B792FA203FAE9000160AA1 /* Debug */ = {
			isa = XCBuildConfiguration;
			buildSettings = {
				ALWAYS_SEARCH_USER_PATHS = NO;
				CLANG_ANALYZER_NONNULL = YES;
				CLANG_ANALYZER_NUMBER_OBJECT_CONVERSION = YES_AGGRESSIVE;
				CLANG_CXX_LANGUAGE_STANDARD = "gnu++14";
				CLANG_CXX_LIBRARY = "libc++";
				CLANG_ENABLE_MODULES = YES;
				CLANG_ENABLE_OBJC_ARC = YES;
				CLANG_WARN_BLOCK_CAPTURE_AUTORELEASING = YES;
				CLANG_WARN_BOOL_CONVERSION = YES;
				CLANG_WARN_COMMA = YES;
				CLANG_WARN_CONSTANT_CONVERSION = YES;
				CLANG_WARN_DIRECT_OBJC_ISA_USAGE = YES_ERROR;
				CLANG_WARN_DOCUMENTATION_COMMENTS = YES;
				CLANG_WARN_EMPTY_BODY = YES;
				CLANG_WARN_ENUM_CONVERSION = YES;
				CLANG_WARN_INFINITE_RECURSION = YES;
				CLANG_WARN_INT_CONVERSION = YES;
				CLANG_WARN_NON_LITERAL_NULL_CONVERSION = YES;
				CLANG_WARN_OBJC_LITERAL_CONVERSION = YES;
				CLANG_WARN_OBJC_ROOT_CLASS = YES_ERROR;
				CLANG_WARN_RANGE_LOOP_ANALYSIS = YES;
				CLANG_WARN_STRICT_PROTOTYPES = YES;
				CLANG_WARN_SUSPICIOUS_MOVE = YES;
				CLANG_WARN_UNGUARDED_AVAILABILITY = YES_AGGRESSIVE;
				CLANG_WARN_UNREACHABLE_CODE = YES;
				CLANG_WARN__DUPLICATE_METHOD_MATCH = YES;
				CODE_SIGN_IDENTITY = "iPhone Developer";
				COPY_PHASE_STRIP = NO;
				DEBUG_INFORMATION_FORMAT = dwarf;
				ENABLE_STRICT_OBJC_MSGSEND = YES;
				ENABLE_TESTABILITY = YES;
				GCC_C_LANGUAGE_STANDARD = gnu11;
				GCC_DYNAMIC_NO_PIC = NO;
				GCC_NO_COMMON_BLOCKS = YES;
				GCC_OPTIMIZATION_LEVEL = 0;
				GCC_PREPROCESSOR_DEFINITIONS = (
					"DEBUG=1",
					"$(inherited)",
				);
				GCC_WARN_64_TO_32_BIT_CONVERSION = YES;
				GCC_WARN_ABOUT_RETURN_TYPE = YES_ERROR;
				GCC_WARN_UNDECLARED_SELECTOR = YES;
				GCC_WARN_UNINITIALIZED_AUTOS = YES_AGGRESSIVE;
				GCC_WARN_UNUSED_FUNCTION = YES;
				GCC_WARN_UNUSED_VARIABLE = YES;
				IPHONEOS_DEPLOYMENT_TARGET = 11.2;
				MTL_ENABLE_DEBUG_INFO = YES;
				ONLY_ACTIVE_ARCH = YES;
				SDKROOT = iphoneos;
				SWIFT_ACTIVE_COMPILATION_CONDITIONS = DEBUG;
				SWIFT_OPTIMIZATION_LEVEL = "-Onone";
			};
			name = Debug;
		};
		17B792FB203FAE9000160AA1 /* Release */ = {
			isa = XCBuildConfiguration;
			buildSettings = {
				ALWAYS_SEARCH_USER_PATHS = NO;
				CLANG_ANALYZER_NONNULL = YES;
				CLANG_ANALYZER_NUMBER_OBJECT_CONVERSION = YES_AGGRESSIVE;
				CLANG_CXX_LANGUAGE_STANDARD = "gnu++14";
				CLANG_CXX_LIBRARY = "libc++";
				CLANG_ENABLE_MODULES = YES;
				CLANG_ENABLE_OBJC_ARC = YES;
				CLANG_WARN_BLOCK_CAPTURE_AUTORELEASING = YES;
				CLANG_WARN_BOOL_CONVERSION = YES;
				CLANG_WARN_COMMA = YES;
				CLANG_WARN_CONSTANT_CONVERSION = YES;
				CLANG_WARN_DIRECT_OBJC_ISA_USAGE = YES_ERROR;
				CLANG_WARN_DOCUMENTATION_COMMENTS = YES;
				CLANG_WARN_EMPTY_BODY = YES;
				CLANG_WARN_ENUM_CONVERSION = YES;
				CLANG_WARN_INFINITE_RECURSION = YES;
				CLANG_WARN_INT_CONVERSION = YES;
				CLANG_WARN_NON_LITERAL_NULL_CONVERSION = YES;
				CLANG_WARN_OBJC_LITERAL_CONVERSION = YES;
				CLANG_WARN_OBJC_ROOT_CLASS = YES_ERROR;
				CLANG_WARN_RANGE_LOOP_ANALYSIS = YES;
				CLANG_WARN_STRICT_PROTOTYPES = YES;
				CLANG_WARN_SUSPICIOUS_MOVE = YES;
				CLANG_WARN_UNGUARDED_AVAILABILITY = YES_AGGRESSIVE;
				CLANG_WARN_UNREACHABLE_CODE = YES;
				CLANG_WARN__DUPLICATE_METHOD_MATCH = YES;
				CODE_SIGN_IDENTITY = "iPhone Developer";
				COPY_PHASE_STRIP = NO;
				DEBUG_INFORMATION_FORMAT = "dwarf-with-dsym";
				ENABLE_NS_ASSERTIONS = NO;
				ENABLE_STRICT_OBJC_MSGSEND = YES;
				GCC_C_LANGUAGE_STANDARD = gnu11;
				GCC_NO_COMMON_BLOCKS = YES;
				GCC_WARN_64_TO_32_BIT_CONVERSION = YES;
				GCC_WARN_ABOUT_RETURN_TYPE = YES_ERROR;
				GCC_WARN_UNDECLARED_SELECTOR = YES;
				GCC_WARN_UNINITIALIZED_AUTOS = YES_AGGRESSIVE;
				GCC_WARN_UNUSED_FUNCTION = YES;
				GCC_WARN_UNUSED_VARIABLE = YES;
				IPHONEOS_DEPLOYMENT_TARGET = 11.2;
				MTL_ENABLE_DEBUG_INFO = NO;
				SDKROOT = iphoneos;
				SWIFT_OPTIMIZATION_LEVEL = "-Owholemodule";
				VALIDATE_PRODUCT = YES;
			};
			name = Release;
		};
		17B792FD203FAE9000160AA1 /* Debug */ = {
			isa = XCBuildConfiguration;
			buildSettings = {
				ASSETCATALOG_COMPILER_APPICON_NAME = AppIcon;
				CODE_SIGN_STYLE = Automatic;
				INFOPLIST_FILE = Lab3/Info.plist;
				LD_RUNPATH_SEARCH_PATHS = "$(inherited) @executable_path/Frameworks";
				PRODUCT_BUNDLE_IDENTIFIER = cu.Lab3;
				PRODUCT_NAME = "$(TARGET_NAME)";
				SWIFT_VERSION = 4.0;
				TARGETED_DEVICE_FAMILY = "1,2";
			};
			name = Debug;
		};
		17B792FE203FAE9000160AA1 /* Release */ = {
			isa = XCBuildConfiguration;
			buildSettings = {
				ASSETCATALOG_COMPILER_APPICON_NAME = AppIcon;
				CODE_SIGN_STYLE = Automatic;
				INFOPLIST_FILE = Lab3/Info.plist;
				LD_RUNPATH_SEARCH_PATHS = "$(inherited) @executable_path/Frameworks";
				PRODUCT_BUNDLE_IDENTIFIER = cu.Lab3;
				PRODUCT_NAME = "$(TARGET_NAME)";
				SWIFT_VERSION = 4.0;
				TARGETED_DEVICE_FAMILY = "1,2";
			};
			name = Release;
		};
/* End XCBuildConfiguration section */

/* Begin XCConfigurationList section */
		17B792E5203FAE9000160AA1 /* Build configuration list for PBXProject "Lab3" */ = {
			isa = XCConfigurationList;
			buildConfigurations = (
				17B792FA203FAE9000160AA1 /* Debug */,
				17B792FB203FAE9000160AA1 /* Release */,
			);
			defaultConfigurationIsVisible = 0;
			defaultConfigurationName = Release;
		};
		17B792FC203FAE9000160AA1 /* Build configuration list for PBXNativeTarget "Lab3" */ = {
			isa = XCConfigurationList;
			buildConfigurations = (
				17B792FD203FAE9000160AA1 /* Debug */,
				17B792FE203FAE9000160AA1 /* Release */,
			);
			defaultConfigurationIsVisible = 0;
			defaultConfigurationName = Release;
		};
/* End XCConfigurationList section */
	};
	rootObject = 17B792E2203FAE9000160AA1 /* Project object */;
}
